
Microsoft Visual Studio Solution File, Format Version 12.00
# Visual Studio Version 16
VisualStudioVersion = 16.0.30517.126
MinimumVisualStudioVersion = 10.0.40219.1
Project("{FAE04EC0-301F-11D3-BF4B-00C04F79EFBC}") = "MotoShop.Web", "MotoShop.Web.csproj", "{2CACF451-FF11-4130-9A28-3C9654AC0A5B}"
EndProject
Global
	GlobalSection(SolutionConfigurationPlatforms) = preSolution
		Debug|Any CPU = Debug|Any CPU
		Release|Any CPU = Release|Any CPU
	EndGlobalSection
	GlobalSection(ProjectConfigurationPlatforms) = postSolution
		{2CACF451-FF11-4130-9A28-3C9654AC0A5B}.Debug|Any CPU.ActiveCfg = Debug|Any CPU
		{2CACF451-FF11-4130-9A28-3C9654AC0A5B}.Debug|Any CPU.Build.0 = Debug|Any CPU
		{2CACF451-FF11-4130-9A28-3C9654AC0A5B}.Release|Any CPU.ActiveCfg = Release|Any CPU
		{2CACF451-FF11-4130-9A28-3C9654AC0A5B}.Release|Any CPU.Build.0 = Release|Any CPU
	EndGlobalSection
	GlobalSection(SolutionProperties) = preSolution
		HideSolutionNode = FALSE
	EndGlobalSection
	GlobalSection(ExtensibilityGlobals) = postSolution
		SolutionGuid = {64E3C051-18F5-41DE-A2FA-4ED7BED2A6FF}
	EndGlobalSection
EndGlobal
